
Microsoft Visual Studio Solution File, Format Version 12.00
# Visual Studio Version 17
VisualStudioVersion = 17.8.34330.188
MinimumVisualStudioVersion = 10.0.40219.1
Project("{9A19103F-16F7-4668-BE54-9A1E7A4F7556}") = "Optimizely.Demo.PublicWeb", "Optimizely.Demo.PublicWeb\Optimizely.Demo.PublicWeb.csproj", "{7509F0E2-ABD1-4BDA-8A4C-417861564DD9}"
EndProject
Project("{FAE04EC0-301F-11D3-BF4B-00C04F79EFBC}") = "Optimizely.Demo.Commerce.Models", "Optimizely.Demo.Commerce.Models\Optimizely.Demo.Commerce.Models.csproj", "{A194A815-08D3-46C3-BFAC-EAE58591CC70}"
EndProject
Project("{FAE04EC0-301F-11D3-BF4B-00C04F79EFBC}") = "Optimizely.Demo.Cms.Models", "Optimizely.Demo.Cms.Models\Optimizely.Demo.Cms.Models.csproj", "{948E871B-08F1-43B2-BD75-5BB5B054A737}"
EndProject
Project("{FAE04EC0-301F-11D3-BF4B-00C04F79EFBC}") = "Optimizely.Demo.Commerce.Core", "Optimizely.Demo.Commerce.Core\Optimizely.Demo.Commerce.Core.csproj", "{DEF325AF-1E56-46B6-99AF-34E9CF1B57B2}"
EndProject
Project("{FAE04EC0-301F-11D3-BF4B-00C04F79EFBC}") = "Optimizely.Demo.Cms.Core", "Optimizely.Demo.Cms.Core\Optimizely.Demo.Cms.Core.csproj", "{9966962B-2B42-4F94-A67A-E998A7FC846D}"
EndProject
Global
	GlobalSection(SolutionConfigurationPlatforms) = preSolution
		Debug|Any CPU = Debug|Any CPU
		Release|Any CPU = Release|Any CPU
	EndGlobalSection
	GlobalSection(ProjectConfigurationPlatforms) = postSolution
		{7509F0E2-ABD1-4BDA-8A4C-417861564DD9}.Debug|Any CPU.ActiveCfg = Debug|Any CPU
		{7509F0E2-ABD1-4BDA-8A4C-417861564DD9}.Debug|Any CPU.Build.0 = Debug|Any CPU
		{7509F0E2-ABD1-4BDA-8A4C-417861564DD9}.Release|Any CPU.ActiveCfg = Release|Any CPU
		{7509F0E2-ABD1-4BDA-8A4C-417861564DD9}.Release|Any CPU.Build.0 = Release|Any CPU
		{A194A815-08D3-46C3-BFAC-EAE58591CC70}.Debug|Any CPU.ActiveCfg = Debug|Any CPU
		{A194A815-08D3-46C3-BFAC-EAE58591CC70}.Debug|Any CPU.Build.0 = Debug|Any CPU
		{A194A815-08D3-46C3-BFAC-EAE58591CC70}.Release|Any CPU.ActiveCfg = Release|Any CPU
		{A194A815-08D3-46C3-BFAC-EAE58591CC70}.Release|Any CPU.Build.0 = Release|Any CPU
		{948E871B-08F1-43B2-BD75-5BB5B054A737}.Debug|Any CPU.ActiveCfg = Debug|Any CPU
		{948E871B-08F1-43B2-BD75-5BB5B054A737}.Debug|Any CPU.Build.0 = Debug|Any CPU
		{948E871B-08F1-43B2-BD75-5BB5B054A737}.Release|Any CPU.ActiveCfg = Release|Any CPU
		{948E871B-08F1-43B2-BD75-5BB5B054A737}.Release|Any CPU.Build.0 = Release|Any CPU
		{DEF325AF-1E56-46B6-99AF-34E9CF1B57B2}.Debug|Any CPU.ActiveCfg = Debug|Any CPU
		{DEF325AF-1E56-46B6-99AF-34E9CF1B57B2}.Debug|Any CPU.Build.0 = Debug|Any CPU
		{DEF325AF-1E56-46B6-99AF-34E9CF1B57B2}.Release|Any CPU.ActiveCfg = Release|Any CPU
		{DEF325AF-1E56-46B6-99AF-34E9CF1B57B2}.Release|Any CPU.Build.0 = Release|Any CPU
		{9966962B-2B42-4F94-A67A-E998A7FC846D}.Debug|Any CPU.ActiveCfg = Debug|Any CPU
		{9966962B-2B42-4F94-A67A-E998A7FC846D}.Debug|Any CPU.Build.0 = Debug|Any CPU
		{9966962B-2B42-4F94-A67A-E998A7FC846D}.Release|Any CPU.ActiveCfg = Release|Any CPU
		{9966962B-2B42-4F94-A67A-E998A7FC846D}.Release|Any CPU.Build.0 = Release|Any CPU
	EndGlobalSection
	GlobalSection(SolutionProperties) = preSolution
		HideSolutionNode = FALSE
	EndGlobalSection
	GlobalSection(ExtensibilityGlobals) = postSolution
		SolutionGuid = {701EB1A7-64D6-4862-AD63-04A83BDFCF69}
	EndGlobalSection
EndGlobal
